
Microsoft Visual Studio Solution File, Format Version 12.00
# Visual Studio Version 16
VisualStudioVersion = 16.0.30523.141
MinimumVisualStudioVersion = 10.0.40219.1
Project("{FAE04EC0-301F-11D3-BF4B-00C04F79EFBC}") = "wowConsole", "wowConsole\wowConsole.csproj", "{5F4372A8-97D3-4301-BAA8-3495162F3857}"
EndProject
Global
	GlobalSection(SolutionConfigurationPlatforms) = preSolution
		Debug|Any CPU = Debug|Any CPU
		Release|Any CPU = Release|Any CPU
	EndGlobalSection
	GlobalSection(ProjectConfigurationPlatforms) = postSolution
		{5F4372A8-97D3-4301-BAA8-3495162F3857}.Debug|Any CPU.ActiveCfg = Debug|Any CPU
		{5F4372A8-97D3-4301-BAA8-3495162F3857}.Debug|Any CPU.Build.0 = Debug|Any CPU
		{5F4372A8-97D3-4301-BAA8-3495162F3857}.Release|Any CPU.ActiveCfg = Release|Any CPU
		{5F4372A8-97D3-4301-BAA8-3495162F3857}.Release|Any CPU.Build.0 = Release|Any CPU
	EndGlobalSection
	GlobalSection(SolutionProperties) = preSolution
		HideSolutionNode = FALSE
	EndGlobalSection
	GlobalSection(ExtensibilityGlobals) = postSolution
		SolutionGuid = {7D4A178A-12CA-454B-AEC7-C189706A6F93}
	EndGlobalSection
EndGlobal
